// !$*UTF8*$!
{
	archiveVersion = 1;
	classes = {
	};
	objectVersion = 56;
	objects = {

/* Begin PBXBuildFile section */
		FE3882732ABF03C2003960B7 /* AppDelegate.swift in Sources */ = {isa = PBXBuildFile; fileRef = FE3882722ABF03C2003960B7 /* AppDelegate.swift */; };
		FE3882752ABF03C2003960B7 /* SceneDelegate.swift in Sources */ = {isa = PBXBuildFile; fileRef = FE3882742ABF03C2003960B7 /* SceneDelegate.swift */; };
		FE38827C2ABF03C3003960B7 /* Assets.xcassets in Resources */ = {isa = PBXBuildFile; fileRef = FE38827B2ABF03C3003960B7 /* Assets.xcassets */; };
		FE38827F2ABF03C3003960B7 /* LaunchScreen.storyboard in Resources */ = {isa = PBXBuildFile; fileRef = FE38827D2ABF03C3003960B7 /* LaunchScreen.storyboard */; };
		FE38828A2ABF03C3003960B7 /* SearchDrinksTests.swift in Sources */ = {isa = PBXBuildFile; fileRef = FE3882892ABF03C3003960B7 /* SearchDrinksTests.swift */; };
		FE3882A42AC0199F003960B7 /* ComposableArchitecture in Frameworks */ = {isa = PBXBuildFile; productRef = FE3882A32AC0199F003960B7 /* ComposableArchitecture */; };
		FE3ABBB42AC186FA007EA904 /* Drink.swift in Sources */ = {isa = PBXBuildFile; fileRef = FE3ABBB32AC186FA007EA904 /* Drink.swift */; };
		FE3ABBB62AC20024007EA904 /* Client.swift in Sources */ = {isa = PBXBuildFile; fileRef = FE3ABBB52AC20024007EA904 /* Client.swift */; };
		FE3B70742AC407DE00964CAF /* DetailViewController.swift in Sources */ = {isa = PBXBuildFile; fileRef = FE3B70732AC407DE00964CAF /* DetailViewController.swift */; };
		FE3B70792AC4EDFA00964CAF /* DrinksViewController.swift in Sources */ = {isa = PBXBuildFile; fileRef = FE3B70782AC4EDFA00964CAF /* DrinksViewController.swift */; };
		FE3B70802AC58AEE00964CAF /* DrinkCell.swift in Sources */ = {isa = PBXBuildFile; fileRef = FE3B707F2AC58AEE00964CAF /* DrinkCell.swift */; };
		FE3B70862AC70CAD00964CAF /* DrinksFeature.swift in Sources */ = {isa = PBXBuildFile; fileRef = FE3B70852AC70CAD00964CAF /* DrinksFeature.swift */; };
		FE3B708E2ACA9CED00964CAF /* SDWebImage in Frameworks */ = {isa = PBXBuildFile; productRef = FE3B708D2ACA9CED00964CAF /* SDWebImage */; };
		FE5324AE2AC3348F0035248A /* DetailFeature.swift in Sources */ = {isa = PBXBuildFile; fileRef = FE5324AD2AC3348F0035248A /* DetailFeature.swift */; };
		FE69C9C52ACACE80000C919C /* ImageCell.swift in Sources */ = {isa = PBXBuildFile; fileRef = FE69C9C42ACACE80000C919C /* ImageCell.swift */; };
		FE69C9C72ACBEEC7000C919C /* DrinkDetailTests.swift in Sources */ = {isa = PBXBuildFile; fileRef = FE69C9C62ACBEEC7000C919C /* DrinkDetailTests.swift */; };
		FE69C9CA2ACC06E2000C919C /* SnapshotTesting in Frameworks */ = {isa = PBXBuildFile; productRef = FE69C9C92ACC06E2000C919C /* SnapshotTesting */; };
		FE69C9CC2ACC0708000C919C /* SearchSnapshotTests.swift in Sources */ = {isa = PBXBuildFile; fileRef = FE69C9CB2ACC0708000C919C /* SearchSnapshotTests.swift */; };
		FE69C9CE2ACC323E000C919C /* DetailSnapshotTests.swift in Sources */ = {isa = PBXBuildFile; fileRef = FE69C9CD2ACC323E000C919C /* DetailSnapshotTests.swift */; };
		FE6D04B12AC300A900432085 /* Error.swift in Sources */ = {isa = PBXBuildFile; fileRef = FE6D04B02AC300A900432085 /* Error.swift */; };
/* End PBXBuildFile section */

/* Begin PBXContainerItemProxy section */
		FE3882862ABF03C3003960B7 /* PBXContainerItemProxy */ = {
			isa = PBXContainerItemProxy;
			containerPortal = FE3882672ABF03C1003960B7 /* Project object */;
			proxyType = 1;
			remoteGlobalIDString = FE38826E2ABF03C2003960B7;
			remoteInfo = Cocktails;
		};
/* End PBXContainerItemProxy section */

/* Begin PBXFileReference section */
		FE38826F2ABF03C2003960B7 /* Cocktails.app */ = {isa = PBXFileReference; explicitFileType = wrapper.application; includeInIndex = 0; path = Cocktails.app; sourceTree = BUILT_PRODUCTS_DIR; };
		FE3882722ABF03C2003960B7 /* AppDelegate.swift */ = {isa = PBXFileReference; lastKnownFileType = sourcecode.swift; path = AppDelegate.swift; sourceTree = "<group>"; };
		FE3882742ABF03C2003960B7 /* SceneDelegate.swift */ = {isa = PBXFileReference; lastKnownFileType = sourcecode.swift; path = SceneDelegate.swift; sourceTree = "<group>"; };
		FE38827B2ABF03C3003960B7 /* Assets.xcassets */ = {isa = PBXFileReference; lastKnownFileType = folder.assetcatalog; path = Assets.xcassets; sourceTree = "<group>"; };
		FE38827E2ABF03C3003960B7 /* Base */ = {isa = PBXFileReference; lastKnownFileType = file.storyboard; name = Base; path = Base.lproj/LaunchScreen.storyboard; sourceTree = "<group>"; };
		FE3882802ABF03C3003960B7 /* Info.plist */ = {isa = PBXFileReference; lastKnownFileType = text.plist.xml; path = Info.plist; sourceTree = "<group>"; };
		FE3882852ABF03C3003960B7 /* CocktailsTests.xctest */ = {isa = PBXFileReference; explicitFileType = wrapper.cfbundle; includeInIndex = 0; path = CocktailsTests.xctest; sourceTree = BUILT_PRODUCTS_DIR; };
		FE3882892ABF03C3003960B7 /* SearchDrinksTests.swift */ = {isa = PBXFileReference; lastKnownFileType = sourcecode.swift; path = SearchDrinksTests.swift; sourceTree = "<group>"; };
		FE3ABBB32AC186FA007EA904 /* Drink.swift */ = {isa = PBXFileReference; lastKnownFileType = sourcecode.swift; path = Drink.swift; sourceTree = "<group>"; };
		FE3ABBB52AC20024007EA904 /* Client.swift */ = {isa = PBXFileReference; fileEncoding = 4; lastKnownFileType = sourcecode.swift; path = Client.swift; sourceTree = "<group>"; };
		FE3B70732AC407DE00964CAF /* DetailViewController.swift */ = {isa = PBXFileReference; lastKnownFileType = sourcecode.swift; path = DetailViewController.swift; sourceTree = "<group>"; };
		FE3B70782AC4EDFA00964CAF /* DrinksViewController.swift */ = {isa = PBXFileReference; lastKnownFileType = sourcecode.swift; path = DrinksViewController.swift; sourceTree = "<group>"; };
		FE3B707F2AC58AEE00964CAF /* DrinkCell.swift */ = {isa = PBXFileReference; lastKnownFileType = sourcecode.swift; path = DrinkCell.swift; sourceTree = "<group>"; };
		FE3B70852AC70CAD00964CAF /* DrinksFeature.swift */ = {isa = PBXFileReference; lastKnownFileType = sourcecode.swift; path = DrinksFeature.swift; sourceTree = "<group>"; };
		FE5324AD2AC3348F0035248A /* DetailFeature.swift */ = {isa = PBXFileReference; lastKnownFileType = sourcecode.swift; path = DetailFeature.swift; sourceTree = "<group>"; };
		FE69C9C42ACACE80000C919C /* ImageCell.swift */ = {isa = PBXFileReference; lastKnownFileType = sourcecode.swift; path = ImageCell.swift; sourceTree = "<group>"; };
		FE69C9C62ACBEEC7000C919C /* DrinkDetailTests.swift */ = {isa = PBXFileReference; lastKnownFileType = sourcecode.swift; path = DrinkDetailTests.swift; sourceTree = "<group>"; };
		FE69C9CB2ACC0708000C919C /* SearchSnapshotTests.swift */ = {isa = PBXFileReference; lastKnownFileType = sourcecode.swift; path = SearchSnapshotTests.swift; sourceTree = "<group>"; };
		FE69C9CD2ACC323E000C919C /* DetailSnapshotTests.swift */ = {isa = PBXFileReference; lastKnownFileType = sourcecode.swift; path = DetailSnapshotTests.swift; sourceTree = "<group>"; };
		FE6D04B02AC300A900432085 /* Error.swift */ = {isa = PBXFileReference; lastKnownFileType = sourcecode.swift; path = Error.swift; sourceTree = "<group>"; };
/* End PBXFileReference section */

/* Begin PBXFrameworksBuildPhase section */
		FE38826C2ABF03C2003960B7 /* Frameworks */ = {
			isa = PBXFrameworksBuildPhase;
			buildActionMask = 2147483647;
			files = (
				FE3B708E2ACA9CED00964CAF /* SDWebImage in Frameworks */,
				FE3882A42AC0199F003960B7 /* ComposableArchitecture in Frameworks */,
			);
			runOnlyForDeploymentPostprocessing = 0;
		};
		FE3882822ABF03C3003960B7 /* Frameworks */ = {
			isa = PBXFrameworksBuildPhase;
			buildActionMask = 2147483647;
			files = (
				FE69C9CA2ACC06E2000C919C /* SnapshotTesting in Frameworks */,
			);
			runOnlyForDeploymentPostprocessing = 0;
		};
/* End PBXFrameworksBuildPhase section */

/* Begin PBXGroup section */
		FE3882662ABF03C1003960B7 = {
			isa = PBXGroup;
			children = (
				FE3882712ABF03C2003960B7 /* Cocktails */,
				FE3882882ABF03C3003960B7 /* CocktailsTests */,
				FE3882702ABF03C2003960B7 /* Products */,
			);
			sourceTree = "<group>";
		};
		FE3882702ABF03C2003960B7 /* Products */ = {
			isa = PBXGroup;
			children = (
				FE38826F2ABF03C2003960B7 /* Cocktails.app */,
				FE3882852ABF03C3003960B7 /* CocktailsTests.xctest */,
			);
			name = Products;
			sourceTree = "<group>";
		};
		FE3882712ABF03C2003960B7 /* Cocktails */ = {
			isa = PBXGroup;
			children = (
				FE3ABBB02AC1751D007EA904 /* Api */,
				FE5324AC2AC3347C0035248A /* Detail */,
				FE3B70752AC4EDD200964CAF /* Search */,
				FE3882722ABF03C2003960B7 /* AppDelegate.swift */,
				FE3882742ABF03C2003960B7 /* SceneDelegate.swift */,
				FE38827B2ABF03C3003960B7 /* Assets.xcassets */,
				FE38827D2ABF03C3003960B7 /* LaunchScreen.storyboard */,
				FE3882802ABF03C3003960B7 /* Info.plist */,
			);
			path = Cocktails;
			sourceTree = "<group>";
		};
		FE3882882ABF03C3003960B7 /* CocktailsTests */ = {
			isa = PBXGroup;
			children = (
				FE3882892ABF03C3003960B7 /* SearchDrinksTests.swift */,
				FE69C9C62ACBEEC7000C919C /* DrinkDetailTests.swift */,
				FE69C9CB2ACC0708000C919C /* SearchSnapshotTests.swift */,
				FE69C9CD2ACC323E000C919C /* DetailSnapshotTests.swift */,
			);
			path = CocktailsTests;
			sourceTree = "<group>";
		};
		FE3ABBB02AC1751D007EA904 /* Api */ = {
			isa = PBXGroup;
			children = (
				FE3ABBB52AC20024007EA904 /* Client.swift */,
				FE3ABBB32AC186FA007EA904 /* Drink.swift */,
				FE6D04B02AC300A900432085 /* Error.swift */,
			);
			path = Api;
			sourceTree = "<group>";
		};
		FE3B70752AC4EDD200964CAF /* Search */ = {
			isa = PBXGroup;
			children = (
				FE3B70852AC70CAD00964CAF /* DrinksFeature.swift */,
				FE3B70782AC4EDFA00964CAF /* DrinksViewController.swift */,
				FE3B707F2AC58AEE00964CAF /* DrinkCell.swift */,
			);
			path = Search;
			sourceTree = "<group>";
		};
		FE5324AC2AC3347C0035248A /* Detail */ = {
			isa = PBXGroup;
			children = (
				FE5324AD2AC3348F0035248A /* DetailFeature.swift */,
				FE3B70732AC407DE00964CAF /* DetailViewController.swift */,
				FE69C9C42ACACE80000C919C /* ImageCell.swift */,
			);
			path = Detail;
			sourceTree = "<group>";
		};
/* End PBXGroup section */

/* Begin PBXNativeTarget section */
		FE38826E2ABF03C2003960B7 /* Cocktails */ = {
			isa = PBXNativeTarget;
			buildConfigurationList = FE3882992ABF03C3003960B7 /* Build configuration list for PBXNativeTarget "Cocktails" */;
			buildPhases = (
				FE38826B2ABF03C2003960B7 /* Sources */,
				FE38826C2ABF03C2003960B7 /* Frameworks */,
				FE38826D2ABF03C2003960B7 /* Resources */,
			);
			buildRules = (
			);
			dependencies = (
			);
			name = Cocktails;
			packageProductDependencies = (
				FE3882A32AC0199F003960B7 /* ComposableArchitecture */,
				FE3B708D2ACA9CED00964CAF /* SDWebImage */,
			);
			productName = Cocktails;
			productReference = FE38826F2ABF03C2003960B7 /* Cocktails.app */;
			productType = "com.apple.product-type.application";
		};
		FE3882842ABF03C3003960B7 /* CocktailsTests */ = {
			isa = PBXNativeTarget;
			buildConfigurationList = FE38829C2ABF03C3003960B7 /* Build configuration list for PBXNativeTarget "CocktailsTests" */;
			buildPhases = (
				FE3882812ABF03C3003960B7 /* Sources */,
				FE3882822ABF03C3003960B7 /* Frameworks */,
				FE3882832ABF03C3003960B7 /* Resources */,
			);
			buildRules = (
			);
			dependencies = (
				FE3882872ABF03C3003960B7 /* PBXTargetDependency */,
			);
			name = CocktailsTests;
			packageProductDependencies = (
				FE69C9C92ACC06E2000C919C /* SnapshotTesting */,
			);
			productName = CocktailsTests;
			productReference = FE3882852ABF03C3003960B7 /* CocktailsTests.xctest */;
			productType = "com.apple.product-type.bundle.unit-test";
		};
/* End PBXNativeTarget section */

/* Begin PBXProject section */
		FE3882672ABF03C1003960B7 /* Project object */ = {
			isa = PBXProject;
			attributes = {
				BuildIndependentTargetsInParallel = 1;
				LastSwiftUpdateCheck = 1500;
				LastUpgradeCheck = 1500;
				TargetAttributes = {
					FE38826E2ABF03C2003960B7 = {
						CreatedOnToolsVersion = 15.0;
					};
					FE3882842ABF03C3003960B7 = {
						CreatedOnToolsVersion = 15.0;
						TestTargetID = FE38826E2ABF03C2003960B7;
					};
				};
			};
			buildConfigurationList = FE38826A2ABF03C1003960B7 /* Build configuration list for PBXProject "Cocktails" */;
			compatibilityVersion = "Xcode 14.0";
			developmentRegion = en;
			hasScannedForEncodings = 0;
			knownRegions = (
				en,
				Base,
			);
			mainGroup = FE3882662ABF03C1003960B7;
			packageReferences = (
				FE3882A22AC0199F003960B7 /* XCRemoteSwiftPackageReference "swift-composable-architecture" */,
				FE3B708C2ACA9CED00964CAF /* XCRemoteSwiftPackageReference "SDWebImage" */,
				FE69C9C82ACC06E2000C919C /* XCRemoteSwiftPackageReference "swift-snapshot-testing" */,
			);
			productRefGroup = FE3882702ABF03C2003960B7 /* Products */;
			projectDirPath = "";
			projectRoot = "";
			targets = (
				FE38826E2ABF03C2003960B7 /* Cocktails */,
				FE3882842ABF03C3003960B7 /* CocktailsTests */,
			);
		};
/* End PBXProject section */

/* Begin PBXResourcesBuildPhase section */
		FE38826D2ABF03C2003960B7 /* Resources */ = {
			isa = PBXResourcesBuildPhase;
			buildActionMask = 2147483647;
			files = (
				FE38827F2ABF03C3003960B7 /* LaunchScreen.storyboard in Resources */,
				FE38827C2ABF03C3003960B7 /* Assets.xcassets in Resources */,
			);
			runOnlyForDeploymentPostprocessing = 0;
		};
		FE3882832ABF03C3003960B7 /* Resources */ = {
			isa = PBXResourcesBuildPhase;
			buildActionMask = 2147483647;
			files = (
			);
			runOnlyForDeploymentPostprocessing = 0;
		};
/* End PBXResourcesBuildPhase section */

/* Begin PBXSourcesBuildPhase section */
		FE38826B2ABF03C2003960B7 /* Sources */ = {
			isa = PBXSourcesBuildPhase;
			buildActionMask = 2147483647;
			files = (
				FE3B70802AC58AEE00964CAF /* DrinkCell.swift in Sources */,
				FE3B70742AC407DE00964CAF /* DetailViewController.swift in Sources */,
				FE3882732ABF03C2003960B7 /* AppDelegate.swift in Sources */,
				FE3B70792AC4EDFA00964CAF /* DrinksViewController.swift in Sources */,
				FE69C9C52ACACE80000C919C /* ImageCell.swift in Sources */,
				FE3ABBB62AC20024007EA904 /* Client.swift in Sources */,
				FE3882752ABF03C2003960B7 /* SceneDelegate.swift in Sources */,
				FE3ABBB42AC186FA007EA904 /* Drink.swift in Sources */,
				FE5324AE2AC3348F0035248A /* DetailFeature.swift in Sources */,
				FE6D04B12AC300A900432085 /* Error.swift in Sources */,
				FE3B70862AC70CAD00964CAF /* DrinksFeature.swift in Sources */,
			);
			runOnlyForDeploymentPostprocessing = 0;
		};
		FE3882812ABF03C3003960B7 /* Sources */ = {
			isa = PBXSourcesBuildPhase;
			buildActionMask = 2147483647;
			files = (
				FE38828A2ABF03C3003960B7 /* SearchDrinksTests.swift in Sources */,
				FE69C9C72ACBEEC7000C919C /* DrinkDetailTests.swift in Sources */,
				FE69C9CE2ACC323E000C919C /* DetailSnapshotTests.swift in Sources */,
				FE69C9CC2ACC0708000C919C /* SearchSnapshotTests.swift in Sources */,
			);
			runOnlyForDeploymentPostprocessing = 0;
		};
/* End PBXSourcesBuildPhase section */

/* Begin PBXTargetDependency section */
		FE3882872ABF03C3003960B7 /* PBXTargetDependency */ = {
			isa = PBXTargetDependency;
			target = FE38826E2ABF03C2003960B7 /* Cocktails */;
			targetProxy = FE3882862ABF03C3003960B7 /* PBXContainerItemProxy */;
		};
/* End PBXTargetDependency section */

/* Begin PBXVariantGroup section */
		FE38827D2ABF03C3003960B7 /* LaunchScreen.storyboard */ = {
			isa = PBXVariantGroup;
			children = (
				FE38827E2ABF03C3003960B7 /* Base */,
			);
			name = LaunchScreen.storyboard;
			sourceTree = "<group>";
		};
/* End PBXVariantGroup section */

/* Begin XCBuildConfiguration section */
		FE3882972ABF03C3003960B7 /* Debug */ = {
			isa = XCBuildConfiguration;
			buildSettings = {
				ALWAYS_SEARCH_USER_PATHS = NO;
				ASSETCATALOG_COMPILER_GENERATE_SWIFT_ASSET_SYMBOL_EXTENSIONS = YES;
				CLANG_ANALYZER_NONNULL = YES;
				CLANG_ANALYZER_NUMBER_OBJECT_CONVERSION = YES_AGGRESSIVE;
				CLANG_CXX_LANGUAGE_STANDARD = "gnu++20";
				CLANG_ENABLE_MODULES = YES;
				CLANG_ENABLE_OBJC_ARC = YES;
				CLANG_ENABLE_OBJC_WEAK = YES;
				CLANG_WARN_BLOCK_CAPTURE_AUTORELEASING = YES;
				CLANG_WARN_BOOL_CONVERSION = YES;
				CLANG_WARN_COMMA = YES;
				CLANG_WARN_CONSTANT_CONVERSION = YES;
				CLANG_WARN_DEPRECATED_OBJC_IMPLEMENTATIONS = YES;
				CLANG_WARN_DIRECT_OBJC_ISA_USAGE = YES_ERROR;
				CLANG_WARN_DOCUMENTATION_COMMENTS = YES;
				CLANG_WARN_EMPTY_BODY = YES;
				CLANG_WARN_ENUM_CONVERSION = YES;
				CLANG_WARN_INFINITE_RECURSION = YES;
				CLANG_WARN_INT_CONVERSION = YES;
				CLANG_WARN_NON_LITERAL_NULL_CONVERSION = YES;
				CLANG_WARN_OBJC_IMPLICIT_RETAIN_SELF = YES;
				CLANG_WARN_OBJC_LITERAL_CONVERSION = YES;
				CLANG_WARN_OBJC_ROOT_CLASS = YES_ERROR;
				CLANG_WARN_QUOTED_INCLUDE_IN_FRAMEWORK_HEADER = YES;
				CLANG_WARN_RANGE_LOOP_ANALYSIS = YES;
				CLANG_WARN_STRICT_PROTOTYPES = YES;
				CLANG_WARN_SUSPICIOUS_MOVE = YES;
				CLANG_WARN_UNGUARDED_AVAILABILITY = YES_AGGRESSIVE;
				CLANG_WARN_UNREACHABLE_CODE = YES;
				CLANG_WARN__DUPLICATE_METHOD_MATCH = YES;
				COPY_PHASE_STRIP = NO;
				DEBUG_INFORMATION_FORMAT = dwarf;
				ENABLE_STRICT_OBJC_MSGSEND = YES;
				ENABLE_TESTABILITY = YES;
				ENABLE_USER_SCRIPT_SANDBOXING = YES;
				GCC_C_LANGUAGE_STANDARD = gnu17;
				GCC_DYNAMIC_NO_PIC = NO;
				GCC_NO_COMMON_BLOCKS = YES;
				GCC_OPTIMIZATION_LEVEL = 0;
				GCC_PREPROCESSOR_DEFINITIONS = (
					"DEBUG=1",
					"$(inherited)",
				);
				GCC_WARN_64_TO_32_BIT_CONVERSION = YES;
				GCC_WARN_ABOUT_RETURN_TYPE = YES_ERROR;
				GCC_WARN_UNDECLARED_SELECTOR = YES;
				GCC_WARN_UNINITIALIZED_AUTOS = YES_AGGRESSIVE;
				GCC_WARN_UNUSED_FUNCTION = YES;
				GCC_WARN_UNUSED_VARIABLE = YES;
				IPHONEOS_DEPLOYMENT_TARGET = 17.0;
				LOCALIZATION_PREFERS_STRING_CATALOGS = YES;
				MTL_ENABLE_DEBUG_INFO = INCLUDE_SOURCE;
				MTL_FAST_MATH = YES;
				ONLY_ACTIVE_ARCH = YES;
				SDKROOT = iphoneos;
				SWIFT_ACTIVE_COMPILATION_CONDITIONS = "DEBUG $(inherited)";
				SWIFT_OPTIMIZATION_LEVEL = "-Onone";
			};
			name = Debug;
		};
		FE3882982ABF03C3003960B7 /* Release */ = {
			isa = XCBuildConfiguration;
			buildSettings = {
				ALWAYS_SEARCH_USER_PATHS = NO;
				ASSETCATALOG_COMPILER_GENERATE_SWIFT_ASSET_SYMBOL_EXTENSIONS = YES;
				CLANG_ANALYZER_NONNULL = YES;
				CLANG_ANALYZER_NUMBER_OBJECT_CONVERSION = YES_AGGRESSIVE;
				CLANG_CXX_LANGUAGE_STANDARD = "gnu++20";
				CLANG_ENABLE_MODULES = YES;
				CLANG_ENABLE_OBJC_ARC = YES;
				CLANG_ENABLE_OBJC_WEAK = YES;
				CLANG_WARN_BLOCK_CAPTURE_AUTORELEASING = YES;
				CLANG_WARN_BOOL_CONVERSION = YES;
				CLANG_WARN_COMMA = YES;
				CLANG_WARN_CONSTANT_CONVERSION = YES;
				CLANG_WARN_DEPRECATED_OBJC_IMPLEMENTATIONS = YES;
				CLANG_WARN_DIRECT_OBJC_ISA_USAGE = YES_ERROR;
				CLANG_WARN_DOCUMENTATION_COMMENTS = YES;
				CLANG_WARN_EMPTY_BODY = YES;
				CLANG_WARN_ENUM_CONVERSION = YES;
				CLANG_WARN_INFINITE_RECURSION = YES;
				CLANG_WARN_INT_CONVERSION = YES;
				CLANG_WARN_NON_LITERAL_NULL_CONVERSION = YES;
				CLANG_WARN_OBJC_IMPLICIT_RETAIN_SELF = YES;
				CLANG_WARN_OBJC_LITERAL_CONVERSION = YES;
				CLANG_WARN_OBJC_ROOT_CLASS = YES_ERROR;
				CLANG_WARN_QUOTED_INCLUDE_IN_FRAMEWORK_HEADER = YES;
				CLANG_WARN_RANGE_LOOP_ANALYSIS = YES;
				CLANG_WARN_STRICT_PROTOTYPES = YES;
				CLANG_WARN_SUSPICIOUS_MOVE = YES;
				CLANG_WARN_UNGUARDED_AVAILABILITY = YES_AGGRESSIVE;
				CLANG_WARN_UNREACHABLE_CODE = YES;
				CLANG_WARN__DUPLICATE_METHOD_MATCH = YES;
				COPY_PHASE_STRIP = NO;
				DEBUG_INFORMATION_FORMAT = "dwarf-with-dsym";
				ENABLE_NS_ASSERTIONS = NO;
				ENABLE_STRICT_OBJC_MSGSEND = YES;
				ENABLE_USER_SCRIPT_SANDBOXING = YES;
				GCC_C_LANGUAGE_STANDARD = gnu17;
				GCC_NO_COMMON_BLOCKS = YES;
				GCC_WARN_64_TO_32_BIT_CONVERSION = YES;
				GCC_WARN_ABOUT_RETURN_TYPE = YES_ERROR;
				GCC_WARN_UNDECLARED_SELECTOR = YES;
				GCC_WARN_UNINITIALIZED_AUTOS = YES_AGGRESSIVE;
				GCC_WARN_UNUSED_FUNCTION = YES;
				GCC_WARN_UNUSED_VARIABLE = YES;
				IPHONEOS_DEPLOYMENT_TARGET = 17.0;
				LOCALIZATION_PREFERS_STRING_CATALOGS = YES;
				MTL_ENABLE_DEBUG_INFO = NO;
				MTL_FAST_MATH = YES;
				SDKROOT = iphoneos;
				SWIFT_COMPILATION_MODE = wholemodule;
				VALIDATE_PRODUCT = YES;
			};
			name = Release;
		};
		FE38829A2ABF03C3003960B7 /* Debug */ = {
			isa = XCBuildConfiguration;
			buildSettings = {
				ASSETCATALOG_COMPILER_APPICON_NAME = AppIcon;
				ASSETCATALOG_COMPILER_GLOBAL_ACCENT_COLOR_NAME = AccentColor;
				CODE_SIGN_STYLE = Automatic;
				CURRENT_PROJECT_VERSION = 1;
				DEVELOPMENT_TEAM = 76898M8GJ2;
				GENERATE_INFOPLIST_FILE = YES;
				INFOPLIST_FILE = Cocktails/Info.plist;
				INFOPLIST_KEY_UIApplicationSupportsIndirectInputEvents = YES;
				INFOPLIST_KEY_UILaunchStoryboardName = LaunchScreen;
				INFOPLIST_KEY_UISupportedInterfaceOrientations_iPad = "UIInterfaceOrientationPortrait UIInterfaceOrientationPortraitUpsideDown UIInterfaceOrientationLandscapeLeft UIInterfaceOrientationLandscapeRight";
				INFOPLIST_KEY_UISupportedInterfaceOrientations_iPhone = "UIInterfaceOrientationPortrait UIInterfaceOrientationLandscapeLeft UIInterfaceOrientationLandscapeRight";
				LD_RUNPATH_SEARCH_PATHS = (
					"$(inherited)",
					"@executable_path/Frameworks",
				);
				MARKETING_VERSION = 1.0;
				PRODUCT_BUNDLE_IDENTIFIER = me.peschard.Cocktails;
				PRODUCT_NAME = "$(TARGET_NAME)";
				SWIFT_EMIT_LOC_STRINGS = YES;
				SWIFT_VERSION = 5.0;
				TARGETED_DEVICE_FAMILY = "1,2";
			};
			name = Debug;
		};
		FE38829B2ABF03C3003960B7 /* Release */ = {
			isa = XCBuildConfiguration;
			buildSettings = {
				ASSETCATALOG_COMPILER_APPICON_NAME = AppIcon;
				ASSETCATALOG_COMPILER_GLOBAL_ACCENT_COLOR_NAME = AccentColor;
				CODE_SIGN_STYLE = Automatic;
				CURRENT_PROJECT_VERSION = 1;
				DEVELOPMENT_TEAM = 76898M8GJ2;
				GENERATE_INFOPLIST_FILE = YES;
				INFOPLIST_FILE = Cocktails/Info.plist;
				INFOPLIST_KEY_UIApplicationSupportsIndirectInputEvents = YES;
				INFOPLIST_KEY_UILaunchStoryboardName = LaunchScreen;
				INFOPLIST_KEY_UISupportedInterfaceOrientations_iPad = "UIInterfaceOrientationPortrait UIInterfaceOrientationPortraitUpsideDown UIInterfaceOrientationLandscapeLeft UIInterfaceOrientationLandscapeRight";
				INFOPLIST_KEY_UISupportedInterfaceOrientations_iPhone = "UIInterfaceOrientationPortrait UIInterfaceOrientationLandscapeLeft UIInterfaceOrientationLandscapeRight";
				LD_RUNPATH_SEARCH_PATHS = (
					"$(inherited)",
					"@executable_path/Frameworks",
				);
				MARKETING_VERSION = 1.0;
				PRODUCT_BUNDLE_IDENTIFIER = me.peschard.Cocktails;
				PRODUCT_NAME = "$(TARGET_NAME)";
				SWIFT_EMIT_LOC_STRINGS = YES;
				SWIFT_VERSION = 5.0;
				TARGETED_DEVICE_FAMILY = "1,2";
			};
			name = Release;
		};
		FE38829D2ABF03C3003960B7 /* Debug */ = {
			isa = XCBuildConfiguration;
			buildSettings = {
				ALWAYS_EMBED_SWIFT_STANDARD_LIBRARIES = YES;
				BUNDLE_LOADER = "$(TEST_HOST)";
				CODE_SIGN_STYLE = Automatic;
				CURRENT_PROJECT_VERSION = 1;
				DEVELOPMENT_TEAM = 76898M8GJ2;
				GENERATE_INFOPLIST_FILE = YES;
				IPHONEOS_DEPLOYMENT_TARGET = 17.0;
				MARKETING_VERSION = 1.0;
				PRODUCT_BUNDLE_IDENTIFIER = me.peschard.CocktailsTests;
				PRODUCT_NAME = "$(TARGET_NAME)";
				SWIFT_EMIT_LOC_STRINGS = NO;
				SWIFT_VERSION = 5.0;
				TARGETED_DEVICE_FAMILY = "1,2";
				TEST_HOST = "$(BUILT_PRODUCTS_DIR)/Cocktails.app/$(BUNDLE_EXECUTABLE_FOLDER_PATH)/Cocktails";
			};
			name = Debug;
		};
		FE38829E2ABF03C3003960B7 /* Release */ = {
			isa = XCBuildConfiguration;
			buildSettings = {
				ALWAYS_EMBED_SWIFT_STANDARD_LIBRARIES = YES;
				BUNDLE_LOADER = "$(TEST_HOST)";
				CODE_SIGN_STYLE = Automatic;
				CURRENT_PROJECT_VERSION = 1;
				DEVELOPMENT_TEAM = 76898M8GJ2;
				GENERATE_INFOPLIST_FILE = YES;
				IPHONEOS_DEPLOYMENT_TARGET = 17.0;
				MARKETING_VERSION = 1.0;
				PRODUCT_BUNDLE_IDENTIFIER = me.peschard.CocktailsTests;
				PRODUCT_NAME = "$(TARGET_NAME)";
				SWIFT_EMIT_LOC_STRINGS = NO;
				SWIFT_VERSION = 5.0;
				TARGETED_DEVICE_FAMILY = "1,2";
				TEST_HOST = "$(BUILT_PRODUCTS_DIR)/Cocktails.app/$(BUNDLE_EXECUTABLE_FOLDER_PATH)/Cocktails";
			};
			name = Release;
		};
/* End XCBuildConfiguration section */

/* Begin XCConfigurationList section */
		FE38826A2ABF03C1003960B7 /* Build configuration list for PBXProject "Cocktails" */ = {
			isa = XCConfigurationList;
			buildConfigurations = (
				FE3882972ABF03C3003960B7 /* Debug */,
				FE3882982ABF03C3003960B7 /* Release */,
			);
			defaultConfigurationIsVisible = 0;
			defaultConfigurationName = Release;
		};
		FE3882992ABF03C3003960B7 /* Build configuration list for PBXNativeTarget "Cocktails" */ = {
			isa = XCConfigurationList;
			buildConfigurations = (
				FE38829A2ABF03C3003960B7 /* Debug */,
				FE38829B2ABF03C3003960B7 /* Release */,
			);
			defaultConfigurationIsVisible = 0;
			defaultConfigurationName = Release;
		};
		FE38829C2ABF03C3003960B7 /* Build configuration list for PBXNativeTarget "CocktailsTests" */ = {
			isa = XCConfigurationList;
			buildConfigurations = (
				FE38829D2ABF03C3003960B7 /* Debug */,
				FE38829E2ABF03C3003960B7 /* Release */,
			);
			defaultConfigurationIsVisible = 0;
			defaultConfigurationName = Release;
		};
/* End XCConfigurationList section */

/* Begin XCRemoteSwiftPackageReference section */
		FE3882A22AC0199F003960B7 /* XCRemoteSwiftPackageReference "swift-composable-architecture" */ = {
			isa = XCRemoteSwiftPackageReference;
			repositoryURL = "https://github.com/pointfreeco/swift-composable-architecture.git";
			requirement = {
				kind = upToNextMajorVersion;
				minimumVersion = 1.2.0;
			};
		};
		FE3B708C2ACA9CED00964CAF /* XCRemoteSwiftPackageReference "SDWebImage" */ = {
			isa = XCRemoteSwiftPackageReference;
			repositoryURL = "https://github.com/SDWebImage/SDWebImage.git";
			requirement = {
				kind = upToNextMajorVersion;
				minimumVersion = 5.18.2;
			};
		};
		FE69C9C82ACC06E2000C919C /* XCRemoteSwiftPackageReference "swift-snapshot-testing" */ = {
			isa = XCRemoteSwiftPackageReference;
			repositoryURL = "https://github.com/pointfreeco/swift-snapshot-testing.git";
			requirement = {
				kind = upToNextMajorVersion;
				minimumVersion = 1.14.0;
			};
		};
/* End XCRemoteSwiftPackageReference section */

/* Begin XCSwiftPackageProductDependency section */
		FE3882A32AC0199F003960B7 /* ComposableArchitecture */ = {
			isa = XCSwiftPackageProductDependency;
			package = FE3882A22AC0199F003960B7 /* XCRemoteSwiftPackageReference "swift-composable-architecture" */;
			productName = ComposableArchitecture;
		};
		FE3B708D2ACA9CED00964CAF /* SDWebImage */ = {
			isa = XCSwiftPackageProductDependency;
			package = FE3B708C2ACA9CED00964CAF /* XCRemoteSwiftPackageReference "SDWebImage" */;
			productName = SDWebImage;
		};
		FE69C9C92ACC06E2000C919C /* SnapshotTesting */ = {
			isa = XCSwiftPackageProductDependency;
			package = FE69C9C82ACC06E2000C919C /* XCRemoteSwiftPackageReference "swift-snapshot-testing" */;
			productName = SnapshotTesting;
		};
/* End XCSwiftPackageProductDependency section */
	};
	rootObject = FE3882672ABF03C1003960B7 /* Project object */;
}
